
Microsoft Visual Studio Solution File, Format Version 12.00
# Visual Studio Version 17
VisualStudioVersion = 17.7.34024.191
MinimumVisualStudioVersion = 10.0.40219.1
Project("{FAE04EC0-301F-11D3-BF4B-00C04F79EFBC}") = "MODEL", "MODEL.csproj", "{2890F664-423C-4BC0-9FB2-5F54605E70CB}"
EndProject
Global
	GlobalSection(SolutionConfigurationPlatforms) = preSolution
		Debug|Any CPU = Debug|Any CPU
		Release|Any CPU = Release|Any CPU
	EndGlobalSection
	GlobalSection(ProjectConfigurationPlatforms) = postSolution
		{2890F664-423C-4BC0-9FB2-5F54605E70CB}.Debug|Any CPU.ActiveCfg = Debug|Any CPU
		{2890F664-423C-4BC0-9FB2-5F54605E70CB}.Debug|Any CPU.Build.0 = Debug|Any CPU
		{2890F664-423C-4BC0-9FB2-5F54605E70CB}.Release|Any CPU.ActiveCfg = Release|Any CPU
		{2890F664-423C-4BC0-9FB2-5F54605E70CB}.Release|Any CPU.Build.0 = Release|Any CPU
	EndGlobalSection
	GlobalSection(SolutionProperties) = preSolution
		HideSolutionNode = FALSE
	EndGlobalSection
	GlobalSection(ExtensibilityGlobals) = postSolution
		SolutionGuid = {3E59CD90-9689-4AE5-B5E6-35502B22AD2E}
	EndGlobalSection
EndGlobal
