
Microsoft Visual Studio Solution File, Format Version 12.00
# Visual Studio Version 17
VisualStudioVersion = 17.8.34330.188
MinimumVisualStudioVersion = 10.0.40219.1
Project("{FAE04EC0-301F-11D3-BF4B-00C04F79EFBC}") = "MVCAppWithDB", "MVCAppWithDB\MVCAppWithDB.csproj", "{3D2DE585-4A40-4B57-A8DC-B3D11C095386}"
EndProject
Project("{FAE04EC0-301F-11D3-BF4B-00C04F79EFBC}") = "MyApp.Db", "MyApp.Db\MyApp.Db.csproj", "{4ECEF1B8-721E-4353-A6FD-3D12F3AB1ACA}"
EndProject
Project("{FAE04EC0-301F-11D3-BF4B-00C04F79EFBC}") = "MyApp.Models", "MyApp.Models\MyApp.Models.csproj", "{1B4667A1-22E6-4A36-B794-233D9ACFB350}"
EndProject
Global
	GlobalSection(SolutionConfigurationPlatforms) = preSolution
		Debug|Any CPU = Debug|Any CPU
		Release|Any CPU = Release|Any CPU
	EndGlobalSection
	GlobalSection(ProjectConfigurationPlatforms) = postSolution
		{3D2DE585-4A40-4B57-A8DC-B3D11C095386}.Debug|Any CPU.ActiveCfg = Debug|Any CPU
		{3D2DE585-4A40-4B57-A8DC-B3D11C095386}.Debug|Any CPU.Build.0 = Debug|Any CPU
		{3D2DE585-4A40-4B57-A8DC-B3D11C095386}.Release|Any CPU.ActiveCfg = Release|Any CPU
		{3D2DE585-4A40-4B57-A8DC-B3D11C095386}.Release|Any CPU.Build.0 = Release|Any CPU
		{4ECEF1B8-721E-4353-A6FD-3D12F3AB1ACA}.Debug|Any CPU.ActiveCfg = Debug|Any CPU
		{4ECEF1B8-721E-4353-A6FD-3D12F3AB1ACA}.Debug|Any CPU.Build.0 = Debug|Any CPU
		{4ECEF1B8-721E-4353-A6FD-3D12F3AB1ACA}.Release|Any CPU.ActiveCfg = Release|Any CPU
		{4ECEF1B8-721E-4353-A6FD-3D12F3AB1ACA}.Release|Any CPU.Build.0 = Release|Any CPU
		{1B4667A1-22E6-4A36-B794-233D9ACFB350}.Debug|Any CPU.ActiveCfg = Debug|Any CPU
		{1B4667A1-22E6-4A36-B794-233D9ACFB350}.Debug|Any CPU.Build.0 = Debug|Any CPU
		{1B4667A1-22E6-4A36-B794-233D9ACFB350}.Release|Any CPU.ActiveCfg = Release|Any CPU
		{1B4667A1-22E6-4A36-B794-233D9ACFB350}.Release|Any CPU.Build.0 = Release|Any CPU
	EndGlobalSection
	GlobalSection(SolutionProperties) = preSolution
		HideSolutionNode = FALSE
	EndGlobalSection
	GlobalSection(ExtensibilityGlobals) = postSolution
		SolutionGuid = {5C2EB2A7-ECB6-4258-B0FA-28A09E1A8750}
	EndGlobalSection
EndGlobal
