
Microsoft Visual Studio Solution File, Format Version 12.00
# Visual Studio Version 17
VisualStudioVersion = 17.8.34330.188
MinimumVisualStudioVersion = 10.0.40219.1
Project("{FAE04EC0-301F-11D3-BF4B-00C04F79EFBC}") = "OutputCacheFilter", "OutputCacheFilter\OutputCacheFilter.csproj", "{BA1C00F9-33E8-40CB-97D4-7EEF5E5543FF}"
EndProject
Global
	GlobalSection(SolutionConfigurationPlatforms) = preSolution
		Debug|Any CPU = Debug|Any CPU
		Release|Any CPU = Release|Any CPU
	EndGlobalSection
	GlobalSection(ProjectConfigurationPlatforms) = postSolution
		{BA1C00F9-33E8-40CB-97D4-7EEF5E5543FF}.Debug|Any CPU.ActiveCfg = Debug|Any CPU
		{BA1C00F9-33E8-40CB-97D4-7EEF5E5543FF}.Debug|Any CPU.Build.0 = Debug|Any CPU
		{BA1C00F9-33E8-40CB-97D4-7EEF5E5543FF}.Release|Any CPU.ActiveCfg = Release|Any CPU
		{BA1C00F9-33E8-40CB-97D4-7EEF5E5543FF}.Release|Any CPU.Build.0 = Release|Any CPU
	EndGlobalSection
	GlobalSection(SolutionProperties) = preSolution
		HideSolutionNode = FALSE
	EndGlobalSection
	GlobalSection(ExtensibilityGlobals) = postSolution
		SolutionGuid = {29889ECC-39CD-44EF-879F-3FCE3A98D601}
	EndGlobalSection
EndGlobal
