
Microsoft Visual Studio Solution File, Format Version 12.00
# Visual Studio Version 17
VisualStudioVersion = 17.8.34330.188
MinimumVisualStudioVersion = 10.0.40219.1
Project("{FAE04EC0-301F-11D3-BF4B-00C04F79EFBC}") = "HandleErrorinMVC", "HandleErrorinMVC\HandleErrorinMVC.csproj", "{2F9B4491-4D9C-4492-8FC8-3ED92351748B}"
EndProject
Global
	GlobalSection(SolutionConfigurationPlatforms) = preSolution
		Debug|Any CPU = Debug|Any CPU
		Release|Any CPU = Release|Any CPU
	EndGlobalSection
	GlobalSection(ProjectConfigurationPlatforms) = postSolution
		{2F9B4491-4D9C-4492-8FC8-3ED92351748B}.Debug|Any CPU.ActiveCfg = Debug|Any CPU
		{2F9B4491-4D9C-4492-8FC8-3ED92351748B}.Debug|Any CPU.Build.0 = Debug|Any CPU
		{2F9B4491-4D9C-4492-8FC8-3ED92351748B}.Release|Any CPU.ActiveCfg = Release|Any CPU
		{2F9B4491-4D9C-4492-8FC8-3ED92351748B}.Release|Any CPU.Build.0 = Release|Any CPU
	EndGlobalSection
	GlobalSection(SolutionProperties) = preSolution
		HideSolutionNode = FALSE
	EndGlobalSection
	GlobalSection(ExtensibilityGlobals) = postSolution
		SolutionGuid = {B621733D-3658-4EE3-A075-31595E7E64D9}
	EndGlobalSection
EndGlobal
