
Microsoft Visual Studio Solution File, Format Version 12.00
# Visual Studio Version 17
VisualStudioVersion = 17.4.33205.214
MinimumVisualStudioVersion = 10.0.40219.1
Project("{FAE04EC0-301F-11D3-BF4B-00C04F79EFBC}") = "ConsoleApp1", "ConsoleApp1\ConsoleApp1.csproj", "{301110F6-F0D3-431E-9BB0-56053D456562}"
EndProject
Global
	GlobalSection(SolutionConfigurationPlatforms) = preSolution
		Debug|Any CPU = Debug|Any CPU
		Release|Any CPU = Release|Any CPU
	EndGlobalSection
	GlobalSection(ProjectConfigurationPlatforms) = postSolution
		{301110F6-F0D3-431E-9BB0-56053D456562}.Debug|Any CPU.ActiveCfg = Debug|Any CPU
		{301110F6-F0D3-431E-9BB0-56053D456562}.Debug|Any CPU.Build.0 = Debug|Any CPU
		{301110F6-F0D3-431E-9BB0-56053D456562}.Release|Any CPU.ActiveCfg = Release|Any CPU
		{301110F6-F0D3-431E-9BB0-56053D456562}.Release|Any CPU.Build.0 = Release|Any CPU
	EndGlobalSection
	GlobalSection(SolutionProperties) = preSolution
		HideSolutionNode = FALSE
	EndGlobalSection
	GlobalSection(ExtensibilityGlobals) = postSolution
		SolutionGuid = {1A8BEDCA-767E-4736-9547-BD8E391B7BA1}
	EndGlobalSection
EndGlobal
