
Microsoft Visual Studio Solution File, Format Version 12.00
# Visual Studio Version 17
VisualStudioVersion = 17.8.34330.188
MinimumVisualStudioVersion = 10.0.40219.1
Project("{FAE04EC0-301F-11D3-BF4B-00C04F79EFBC}") = "ViewBag", "ViewBag.csproj", "{74E432F0-81A5-4D1E-BF77-B42A9844AD04}"
EndProject
Global
	GlobalSection(SolutionConfigurationPlatforms) = preSolution
		Debug|Any CPU = Debug|Any CPU
		Release|Any CPU = Release|Any CPU
	EndGlobalSection
	GlobalSection(ProjectConfigurationPlatforms) = postSolution
		{74E432F0-81A5-4D1E-BF77-B42A9844AD04}.Debug|Any CPU.ActiveCfg = Debug|Any CPU
		{74E432F0-81A5-4D1E-BF77-B42A9844AD04}.Debug|Any CPU.Build.0 = Debug|Any CPU
		{74E432F0-81A5-4D1E-BF77-B42A9844AD04}.Release|Any CPU.ActiveCfg = Release|Any CPU
		{74E432F0-81A5-4D1E-BF77-B42A9844AD04}.Release|Any CPU.Build.0 = Release|Any CPU
	EndGlobalSection
	GlobalSection(SolutionProperties) = preSolution
		HideSolutionNode = FALSE
	EndGlobalSection
	GlobalSection(ExtensibilityGlobals) = postSolution
		SolutionGuid = {D718F821-7402-497C-88E1-1BF49051B121}
	EndGlobalSection
EndGlobal
