
Microsoft Visual Studio Solution File, Format Version 12.00
# Visual Studio Version 17
VisualStudioVersion = 17.4.33205.214
MinimumVisualStudioVersion = 10.0.40219.1
Project("{FAE04EC0-301F-11D3-BF4B-00C04F79EFBC}") = "MVC2", "MVC2\MVC2.csproj", "{600793A8-438D-4F47-80BE-C397357DF773}"
EndProject
Global
	GlobalSection(SolutionConfigurationPlatforms) = preSolution
		Debug|Any CPU = Debug|Any CPU
		Release|Any CPU = Release|Any CPU
	EndGlobalSection
	GlobalSection(ProjectConfigurationPlatforms) = postSolution
		{600793A8-438D-4F47-80BE-C397357DF773}.Debug|Any CPU.ActiveCfg = Debug|Any CPU
		{600793A8-438D-4F47-80BE-C397357DF773}.Debug|Any CPU.Build.0 = Debug|Any CPU
		{600793A8-438D-4F47-80BE-C397357DF773}.Release|Any CPU.ActiveCfg = Release|Any CPU
		{600793A8-438D-4F47-80BE-C397357DF773}.Release|Any CPU.Build.0 = Release|Any CPU
	EndGlobalSection
	GlobalSection(SolutionProperties) = preSolution
		HideSolutionNode = FALSE
	EndGlobalSection
	GlobalSection(ExtensibilityGlobals) = postSolution
		SolutionGuid = {1654B9AA-5A19-4409-99D4-B8ADACC655FD}
	EndGlobalSection
EndGlobal
