
Microsoft Visual Studio Solution File, Format Version 12.00
# Visual Studio Version 17
VisualStudioVersion = 17.8.34330.188
MinimumVisualStudioVersion = 10.0.40219.1
Project("{FAE04EC0-301F-11D3-BF4B-00C04F79EFBC}") = "HTTP Verbs", "HTTP Verbs.csproj", "{B44FCDF6-E2DC-4405-9C49-023A6425A512}"
EndProject
Global
	GlobalSection(SolutionConfigurationPlatforms) = preSolution
		Debug|Any CPU = Debug|Any CPU
		Release|Any CPU = Release|Any CPU
	EndGlobalSection
	GlobalSection(ProjectConfigurationPlatforms) = postSolution
		{B44FCDF6-E2DC-4405-9C49-023A6425A512}.Debug|Any CPU.ActiveCfg = Debug|Any CPU
		{B44FCDF6-E2DC-4405-9C49-023A6425A512}.Debug|Any CPU.Build.0 = Debug|Any CPU
		{B44FCDF6-E2DC-4405-9C49-023A6425A512}.Release|Any CPU.ActiveCfg = Release|Any CPU
		{B44FCDF6-E2DC-4405-9C49-023A6425A512}.Release|Any CPU.Build.0 = Release|Any CPU
	EndGlobalSection
	GlobalSection(SolutionProperties) = preSolution
		HideSolutionNode = FALSE
	EndGlobalSection
	GlobalSection(ExtensibilityGlobals) = postSolution
		SolutionGuid = {DA666ACF-1488-4EAE-B532-766F6561964F}
	EndGlobalSection
EndGlobal
