
Microsoft Visual Studio Solution File, Format Version 12.00
# Visual Studio Version 17
VisualStudioVersion = 17.4.33110.190
MinimumVisualStudioVersion = 10.0.40219.1
Project("{FAE04EC0-301F-11D3-BF4B-00C04F79EFBC}") = "LinqToSQLLLLLL", "LinqToSQLLLLLL\LinqToSQLLLLLL.csproj", "{CE12BCD6-BBBA-4F0D-8E94-98EEABE40280}"
EndProject
Global
	GlobalSection(SolutionConfigurationPlatforms) = preSolution
		Debug|Any CPU = Debug|Any CPU
		Release|Any CPU = Release|Any CPU
	EndGlobalSection
	GlobalSection(ProjectConfigurationPlatforms) = postSolution
		{CE12BCD6-BBBA-4F0D-8E94-98EEABE40280}.Debug|Any CPU.ActiveCfg = Debug|Any CPU
		{CE12BCD6-BBBA-4F0D-8E94-98EEABE40280}.Debug|Any CPU.Build.0 = Debug|Any CPU
		{CE12BCD6-BBBA-4F0D-8E94-98EEABE40280}.Release|Any CPU.ActiveCfg = Release|Any CPU
		{CE12BCD6-BBBA-4F0D-8E94-98EEABE40280}.Release|Any CPU.Build.0 = Release|Any CPU
	EndGlobalSection
	GlobalSection(SolutionProperties) = preSolution
		HideSolutionNode = FALSE
	EndGlobalSection
	GlobalSection(ExtensibilityGlobals) = postSolution
		SolutionGuid = {4ED9E7E0-E5D9-4AC2-ACE6-3AEB04C8F30B}
	EndGlobalSection
EndGlobal
